
Microsoft Visual Studio Solution File, Format Version 12.00
# Visual Studio Version 17
VisualStudioVersion = 17.12.35527.113 d17.12
MinimumVisualStudioVersion = 10.0.40219.1
Project("{FAE04EC0-301F-11D3-BF4B-00C04F79EFBC}") = "W24aWebAPI", "W24aWebAPI\W24aWebAPI.csproj", "{80AA861C-8533-4077-B4CB-2A08F5650964}"
EndProject
Global
	GlobalSection(SolutionConfigurationPlatforms) = preSolution
		Debug|Any CPU = Debug|Any CPU
		Release|Any CPU = Release|Any CPU
	EndGlobalSection
	GlobalSection(ProjectConfigurationPlatforms) = postSolution
		{80AA861C-8533-4077-B4CB-2A08F5650964}.Debug|Any CPU.ActiveCfg = Debug|Any CPU
		{80AA861C-8533-4077-B4CB-2A08F5650964}.Debug|Any CPU.Build.0 = Debug|Any CPU
		{80AA861C-8533-4077-B4CB-2A08F5650964}.Release|Any CPU.ActiveCfg = Release|Any CPU
		{80AA861C-8533-4077-B4CB-2A08F5650964}.Release|Any CPU.Build.0 = Release|Any CPU
	EndGlobalSection
	GlobalSection(SolutionProperties) = preSolution
		HideSolutionNode = FALSE
	EndGlobalSection
EndGlobal
